{
  "name": "node-esi",
  "version": "1.0.5",
  "lockfileVersion": 1,
  "requires": true,
  "dependencies": {
    "ajv": {
      "version": "6.12.3",
      "resolved": "https://registry.npmjs.org/ajv/-/ajv-6.12.3.tgz",
      "integrity": "sha512-4K0cK3L1hsqk9xIb2z9vs/XU+PGJZ9PNpJRDS9YLzmNdX6jmVPfamLvTJr0aDAusnHyCHO6MjzlkAsgtqp9teA==",
      "requires": {
        "fast-deep-equal": "^3.1.1",
        "fast-json-stable-stringify": "^2.0.0",
        "json-schema-traverse": "^0.4.1",
        "uri-js": "^4.2.2"
      }
    },
    "axios": {
      "version": "0.18.1",
      "resolved": "https://registry.npmjs.org/axios/-/axios-0.18.1.tgz",
      "integrity": "sha512-0BfJq4NSfQXd+SkFdrvFbG7addhYSBA2mQwISr46pD6E5iqkWg02RAs8vyTT/j0RTnoYmeXauBuSv1qKwR179g==",
      "requires": {
        "follow-redirects": "1.5.10",
        "is-buffer": "^2.0.2"
      }
    },
    "axios-concurrency": {
      "version": "1.0.3",
      "resolved": "https://registry.npmjs.org/axios-concurrency/-/axios-concurrency-1.0.3.tgz",
      "integrity": "sha512-I4ipGFHo2MQBrxbusuG7smx1hsEklxCQGuKWvyak8+g9StBKjqucGrj9Xsn5nemt6dtc7KdqmZm8e6TvKxThHg==",
      "requires": {
        "axios": "^0.19.0"
      },
      "dependencies": {
        "axios": {
          "version": "0.19.2",
          "resolved": "https://registry.npmjs.org/axios/-/axios-0.19.2.tgz",
          "integrity": "sha512-fjgm5MvRHLhx+osE2xoekY70AhARk3a6hkN+3Io1jc00jtquGvxYlKlsFUhmUET0V5te6CcZI7lcv2Ym61mjHA==",
          "requires": {
            "follow-redirects": "1.5.10"
          }
        }
      }
    },
    "cluster-key-slot": {
      "version": "1.1.0",
      "resolved": "https://registry.npmjs.org/cluster-key-slot/-/cluster-key-slot-1.1.0.tgz",
      "integrity": "sha512-2Nii8p3RwAPiFwsnZvukotvow2rIHM+yQ6ZcBXGHdniadkYGZYiGmkHJIbZPIV9nfv7m/U1IPMVVcAhoWFeklw=="
    },
    "colorette": {
      "version": "2.0.19",
      "resolved": "https://registry.npmjs.org/colorette/-/colorette-2.0.19.tgz",
      "integrity": "sha512-3tlv/dIP7FWvj3BsbHrGLJ6l/oKh1O3TcgBqMn+yyCagOxc23fyzDS6HypQbgxWbkpDnf52p1LuR4eWDQ/K9WQ=="
    },
    "commander": {
      "version": "9.5.0",
      "resolved": "https://registry.npmjs.org/commander/-/commander-9.5.0.tgz",
      "integrity": "sha512-KRs7WVDKg86PWiuAqhDrAQnTXZKraVcCc6vFdL14qrZ/DcWwuRo7VoiYXalXO7S5GKpqYiVEwCbgFDfxNHKJBQ=="
    },
    "db-errors": {
      "version": "0.2.3",
      "resolved": "https://registry.npmjs.org/db-errors/-/db-errors-0.2.3.tgz",
      "integrity": "sha512-OOgqgDuCavHXjYSJoV2yGhv6SeG8nk42aoCSoyXLZUH7VwFG27rxbavU1z+VrZbZjphw5UkDQwUlD21MwZpUng=="
    },
    "debug": {
      "version": "3.1.0",
      "resolved": "https://registry.npmjs.org/debug/-/debug-3.1.0.tgz",
      "integrity": "sha512-OX8XqP7/1a9cqkxYw2yXss15f26NKWBpDXQd0/uK/KPqdQhxbPa994hnzjcE2VqQpDslf55723cKPUOGSmMY3g==",
      "requires": {
        "ms": "2.0.0"
      }
    },
    "denque": {
      "version": "1.4.1",
      "resolved": "https://registry.npmjs.org/denque/-/denque-1.4.1.tgz",
      "integrity": "sha512-OfzPuSZKGcgr96rf1oODnfjqBFmr1DVoc/TrItj3Ohe0Ah1C5WX5Baquw/9U9KovnQ88EqmJbD66rKYUQYN1tQ=="
    },
    "dotenv": {
      "version": "8.2.0",
      "resolved": "https://registry.npmjs.org/dotenv/-/dotenv-8.2.0.tgz",
      "integrity": "sha512-8sJ78ElpbDJBHNeBzUbUVLsqKdccaa/BXF1uPTw3GrvQTBgrQrtObr2mUrE38vzYd8cEv+m/JBfDLioYcfXoaw=="
    },
    "escalade": {
      "version": "3.1.1",
      "resolved": "https://registry.npmjs.org/escalade/-/escalade-3.1.1.tgz",
      "integrity": "sha512-k0er2gUkLf8O0zKJiAhmkTnJlTvINGv7ygDNPbeIsX/TJjGJZHuh9B2UxbsaEkmlEo9MfhrSzmhIlhRlI2GXnw=="
    },
    "esm": {
      "version": "3.2.25",
      "resolved": "https://registry.npmjs.org/esm/-/esm-3.2.25.tgz",
      "integrity": "sha512-U1suiZ2oDVWv4zPO56S0NcR5QriEahGtdN2OR6FiOG4WJvcjBVFB0qI4+eKoWFH483PKGuLuu6V8Z4T5g63UVA=="
    },
    "fast-deep-equal": {
      "version": "3.1.3",
      "resolved": "https://registry.npmjs.org/fast-deep-equal/-/fast-deep-equal-3.1.3.tgz",
      "integrity": "sha512-f3qQ9oQy9j2AhBe/H9VC91wLmKBCCU/gDOnKNAYG5hswO7BLKj09Hc5HYNz9cGI++xlpDCIgDaitVs03ATR84Q=="
    },
    "fast-json-stable-stringify": {
      "version": "2.1.0",
      "resolved": "https://registry.npmjs.org/fast-json-stable-stringify/-/fast-json-stable-stringify-2.1.0.tgz",
      "integrity": "sha512-lhd/wF+Lk98HZoTCtlVraHtfh5XYijIjalXck7saUtuanSDyLMxnHhSXEDJqHxD7msR8D0uCmqlkwjCV8xvwHw=="
    },
    "follow-redirects": {
      "version": "1.5.10",
      "resolved": "https://registry.npmjs.org/follow-redirects/-/follow-redirects-1.5.10.tgz",
      "integrity": "sha512-0V5l4Cizzvqt5D44aTXbFZz+FtyXV1vrDN6qrelxtfYQKW0KO0W2T/hkE8xvGa/540LkZlkaUjO4ailYTFtHVQ==",
      "requires": {
        "debug": "=3.1.0"
      }
    },
    "function-bind": {
      "version": "1.1.1",
      "resolved": "https://registry.npmjs.org/function-bind/-/function-bind-1.1.1.tgz",
      "integrity": "sha512-yIovAzMX49sF8Yl58fSCWJ5svSLuaibPxXQJFLmBObTuCr0Mf1KiPopGM9NiFjiYBCbfaa2Fh6breQ6ANVTI0A=="
    },
    "get-package-type": {
      "version": "0.1.0",
      "resolved": "https://registry.npmjs.org/get-package-type/-/get-package-type-0.1.0.tgz",
      "integrity": "sha512-pjzuKtY64GYfWizNAJ0fr9VqttZkNiK2iS430LtIHzjBEr6bX8Am2zm4sW4Ro5wjWW5cAlRL1qAMTcXbjNAO2Q=="
    },
    "getopts": {
      "version": "2.3.0",
      "resolved": "https://registry.npmjs.org/getopts/-/getopts-2.3.0.tgz",
      "integrity": "sha512-5eDf9fuSXwxBL6q5HX+dhDj+dslFGWzU5thZ9kNKUkcPtaPdatmUFKwHFrLb/uf/WpA4BHET+AX3Scl56cAjpA=="
    },
    "has": {
      "version": "1.0.3",
      "resolved": "https://registry.npmjs.org/has/-/has-1.0.3.tgz",
      "integrity": "sha512-f2dvO0VU6Oej7RkWJGrehjbzMAjFp5/VKPp5tTpWIV4JHHZK1/BxbFRtf/siA2SWTe09caDmVtYYzWEIbBS4zw==",
      "requires": {
        "function-bind": "^1.1.1"
      }
    },
    "https": {
      "version": "1.0.0",
      "resolved": "https://registry.npmjs.org/https/-/https-1.0.0.tgz",
      "integrity": "sha1-PDfHrhqO65ZpBKKtHpdaGUt+06Q="
    },
    "interpret": {
      "version": "2.2.0",
      "resolved": "https://registry.npmjs.org/interpret/-/interpret-2.2.0.tgz",
      "integrity": "sha512-Ju0Bz/cEia55xDwUWEa8+olFpCiQoypjnQySseKtmjNrnps3P+xfpUmGr90T7yjlVJmOtybRvPXhKMbHr+fWnw=="
    },
    "ioredis": {
      "version": "4.17.3",
      "resolved": "https://registry.npmjs.org/ioredis/-/ioredis-4.17.3.tgz",
      "integrity": "sha512-iRvq4BOYzNFkDnSyhx7cmJNOi1x/HWYe+A4VXHBu4qpwJaGT1Mp+D2bVGJntH9K/Z/GeOM/Nprb8gB3bmitz1Q==",
      "requires": {
        "cluster-key-slot": "^1.1.0",
        "debug": "^4.1.1",
        "denque": "^1.1.0",
        "lodash.defaults": "^4.2.0",
        "lodash.flatten": "^4.4.0",
        "redis-commands": "1.5.0",
        "redis-errors": "^1.2.0",
        "redis-parser": "^3.0.0",
        "standard-as-callback": "^2.0.1"
      },
      "dependencies": {
        "debug": {
          "version": "4.1.1",
          "resolved": "https://registry.npmjs.org/debug/-/debug-4.1.1.tgz",
          "integrity": "sha512-pYAIzeRo8J6KPEaJ0VWOh5Pzkbw/RetuzehGM7QRRX5he4fPHx2rdKMB256ehJCkX+XRQm16eZLqLNS8RSZXZw==",
          "requires": {
            "ms": "^2.1.1"
          }
        },
        "ms": {
          "version": "2.1.2",
          "resolved": "https://registry.npmjs.org/ms/-/ms-2.1.2.tgz",
          "integrity": "sha512-sGkPx+VjMtmA6MX27oA4FBFELFCZZ4S4XqeGOXCv68tT+jb3vk/RyaKWP0PTKyWtmLSM0b+adUTEvbs1PEaH2w=="
        }
      }
    },
    "is-buffer": {
      "version": "2.0.4",
      "resolved": "https://registry.npmjs.org/is-buffer/-/is-buffer-2.0.4.tgz",
      "integrity": "sha512-Kq1rokWXOPXWuaMAqZiJW4XxsmD9zGx9q4aePabbn3qCRGedtH7Cm+zV8WETitMfu1wdh+Rvd6w5egwSngUX2A=="
    },
    "is-core-module": {
      "version": "2.11.0",
      "resolved": "https://registry.npmjs.org/is-core-module/-/is-core-module-2.11.0.tgz",
      "integrity": "sha512-RRjxlvLDkD1YJwDbroBHMb+cukurkDWNyHx7D3oNB5x9rb5ogcksMC5wHCadcXoo67gVr/+3GFySh3134zi6rw==",
      "requires": {
        "has": "^1.0.3"
      }
    },
    "json-schema-traverse": {
      "version": "0.4.1",
      "resolved": "https://registry.npmjs.org/json-schema-traverse/-/json-schema-traverse-0.4.1.tgz",
      "integrity": "sha512-xbbCH5dCYU5T8LcEhhuh7HJ88HXuW3qsI3Y0zOZFKfZEHcpWiHU/Jxzk629Brsab/mMiHQti9wMP+845RPe3Vg=="
    },
    "knex": {
      "version": "2.4.0",
      "resolved": "https://registry.npmjs.org/knex/-/knex-2.4.0.tgz",
      "integrity": "sha512-i0GWwqYp1Hs2yvc2rlDO6nzzkLhwdyOZKRdsMTB8ZxOs2IXQyL5rBjSbS1krowCh6V65T4X9CJaKtuIfkaPGSA==",
      "requires": {
        "colorette": "2.0.19",
        "commander": "^9.1.0",
        "debug": "4.3.4",
        "escalade": "^3.1.1",
        "esm": "^3.2.25",
        "get-package-type": "^0.1.0",
        "getopts": "2.3.0",
        "interpret": "^2.2.0",
        "lodash": "^4.17.21",
        "pg-connection-string": "2.5.0",
        "rechoir": "^0.8.0",
        "resolve-from": "^5.0.0",
        "tarn": "^3.0.2",
        "tildify": "2.0.0"
      },
      "dependencies": {
        "debug": {
          "version": "4.3.4",
          "resolved": "https://registry.npmjs.org/debug/-/debug-4.3.4.tgz",
          "integrity": "sha512-PRWFHuSU3eDtQJPvnNY7Jcket1j0t5OuOsFzPPzsekD52Zl8qUfFIPEiswXqIvHWGVHOgX+7G/vCNNhehwxfkQ==",
          "requires": {
            "ms": "2.1.2"
          }
        },
        "ms": {
          "version": "2.1.2",
          "resolved": "https://registry.npmjs.org/ms/-/ms-2.1.2.tgz",
          "integrity": "sha512-sGkPx+VjMtmA6MX27oA4FBFELFCZZ4S4XqeGOXCv68tT+jb3vk/RyaKWP0PTKyWtmLSM0b+adUTEvbs1PEaH2w=="
        }
      }
    },
    "lodash": {
      "version": "4.17.21",
      "resolved": "https://registry.npmjs.org/lodash/-/lodash-4.17.21.tgz",
      "integrity": "sha512-v2kDEe57lecTulaDIuNTPy3Ry4gLGJ6Z1O3vE1krgXZNrsQ+LFTGHVxVjcXPs17LhbZVGedAJv8XZ1tvj5FvSg=="
    },
    "lodash.defaults": {
      "version": "4.2.0",
      "resolved": "https://registry.npmjs.org/lodash.defaults/-/lodash.defaults-4.2.0.tgz",
      "integrity": "sha1-0JF4cW/+pN3p5ft7N/bwgCJ0WAw="
    },
    "lodash.flatten": {
      "version": "4.4.0",
      "resolved": "https://registry.npmjs.org/lodash.flatten/-/lodash.flatten-4.4.0.tgz",
      "integrity": "sha1-8xwiIlqWMtK7+OSt2+8kCqdlph8="
    },
    "ms": {
      "version": "2.0.0",
      "resolved": "https://registry.npmjs.org/ms/-/ms-2.0.0.tgz",
      "integrity": "sha1-VgiurfwAvmwpAd9fmGF4jeDVl8g="
    },
    "objection": {
      "version": "2.2.1",
      "resolved": "https://registry.npmjs.org/objection/-/objection-2.2.1.tgz",
      "integrity": "sha512-VY/OGLlLpHwIHck9/HC9meSpjE9w2b4ufxDu/igVCowyDajmcU3AwRmaqKQP8MhMCLPZKSj8gqIAQ5m5zpV5YA==",
      "requires": {
        "ajv": "^6.12.0",
        "db-errors": "^0.2.3"
      }
    },
    "path-parse": {
      "version": "1.0.7",
      "resolved": "https://registry.npmjs.org/path-parse/-/path-parse-1.0.7.tgz",
      "integrity": "sha512-LDJzPVEEEPR+y48z93A0Ed0yXb8pAByGWo/k5YYdYgpY2/2EsOsksJrq7lOHxryrVOn1ejG6oAp8ahvOIQD8sw=="
    },
    "pg-connection-string": {
      "version": "2.5.0",
      "resolved": "https://registry.npmjs.org/pg-connection-string/-/pg-connection-string-2.5.0.tgz",
      "integrity": "sha512-r5o/V/ORTA6TmUnyWZR9nCj1klXCO2CEKNRlVuJptZe85QuhFayC7WeMic7ndayT5IRIR0S0xFxFi2ousartlQ=="
    },
    "punycode": {
      "version": "2.1.1",
      "resolved": "https://registry.npmjs.org/punycode/-/punycode-2.1.1.tgz",
      "integrity": "sha512-XRsRjdf+j5ml+y/6GKHPZbrF/8p2Yga0JPtdqTIY2Xe5ohJPD9saDJJLPvp9+NSBprVvevdXZybnj2cv8OEd0A=="
    },
    "rechoir": {
      "version": "0.8.0",
      "resolved": "https://registry.npmjs.org/rechoir/-/rechoir-0.8.0.tgz",
      "integrity": "sha512-/vxpCXddiX8NGfGO/mTafwjq4aFa/71pvamip0++IQk3zG8cbCj0fifNPrjjF1XMXUne91jL9OoxmdykoEtifQ==",
      "requires": {
        "resolve": "^1.20.0"
      }
    },
    "redis-commands": {
      "version": "1.5.0",
      "resolved": "https://registry.npmjs.org/redis-commands/-/redis-commands-1.5.0.tgz",
      "integrity": "sha512-6KxamqpZ468MeQC3bkWmCB1fp56XL64D4Kf0zJSwDZbVLLm7KFkoIcHrgRvQ+sk8dnhySs7+yBg94yIkAK7aJg=="
    },
    "redis-errors": {
      "version": "1.2.0",
      "resolved": "https://registry.npmjs.org/redis-errors/-/redis-errors-1.2.0.tgz",
      "integrity": "sha1-62LSrbFeTq9GEMBK/hUpOEJQq60="
    },
    "redis-parser": {
      "version": "3.0.0",
      "resolved": "https://registry.npmjs.org/redis-parser/-/redis-parser-3.0.0.tgz",
      "integrity": "sha1-tm2CjNyv5rS4pCin3vTGvKwxyLQ=",
      "requires": {
        "redis-errors": "^1.0.0"
      }
    },
    "resolve": {
      "version": "1.22.1",
      "resolved": "https://registry.npmjs.org/resolve/-/resolve-1.22.1.tgz",
      "integrity": "sha512-nBpuuYuY5jFsli/JIs1oldw6fOQCBioohqWZg/2hiaOybXOft4lonv85uDOKXdf8rhyK159cxU5cDcK/NKk8zw==",
      "requires": {
        "is-core-module": "^2.9.0",
        "path-parse": "^1.0.7",
        "supports-preserve-symlinks-flag": "^1.0.0"
      }
    },
    "resolve-from": {
      "version": "5.0.0",
      "resolved": "https://registry.npmjs.org/resolve-from/-/resolve-from-5.0.0.tgz",
      "integrity": "sha512-qYg9KP24dD5qka9J47d0aVky0N+b4fTU89LN9iDnjB5waksiC49rvMB0PrUJQGoTmH50XPiqOvAjDfaijGxYZw=="
    },
    "standard-as-callback": {
      "version": "2.0.1",
      "resolved": "https://registry.npmjs.org/standard-as-callback/-/standard-as-callback-2.0.1.tgz",
      "integrity": "sha512-NQOxSeB8gOI5WjSaxjBgog2QFw55FV8TkS6Y07BiB3VJ8xNTvUYm0wl0s8ObgQ5NhdpnNfigMIKjgPESzgr4tg=="
    },
    "supports-preserve-symlinks-flag": {
      "version": "1.0.0",
      "resolved": "https://registry.npmjs.org/supports-preserve-symlinks-flag/-/supports-preserve-symlinks-flag-1.0.0.tgz",
      "integrity": "sha512-ot0WnXS9fgdkgIcePe6RHNk1WA8+muPa6cSjeR3V8K27q9BB1rTE3R1p7Hv0z1ZyAc8s6Vvv8DIyWf681MAt0w=="
    },
    "tarn": {
      "version": "3.0.2",
      "resolved": "https://registry.npmjs.org/tarn/-/tarn-3.0.2.tgz",
      "integrity": "sha512-51LAVKUSZSVfI05vjPESNc5vwqqZpbXCsU+/+wxlOrUjk2SnFTt97v9ZgQrD4YmxYW1Px6w2KjaDitCfkvgxMQ=="
    },
    "tildify": {
      "version": "2.0.0",
      "resolved": "https://registry.npmjs.org/tildify/-/tildify-2.0.0.tgz",
      "integrity": "sha512-Cc+OraorugtXNfs50hU9KS369rFXCfgGLpfCfvlc+Ud5u6VWmUQsOAa9HbTvheQdYnrdJqqv1e5oIqXppMYnSw=="
    },
    "uri-js": {
      "version": "4.2.2",
      "resolved": "https://registry.npmjs.org/uri-js/-/uri-js-4.2.2.tgz",
      "integrity": "sha512-KY9Frmirql91X2Qgjry0Wd4Y+YTdrdZheS8TFwvkbLWf/G5KNJDCh6pKL5OZctEW4+0Baa5idK2ZQuELRwPznQ==",
      "requires": {
        "punycode": "^2.1.0"
      }
    }
  }
}
